
Microsoft Visual Studio Solution File, Format Version 12.00
# Visual Studio 14
VisualStudioVersion = 14.0.25420.1
MinimumVisualStudioVersion = 10.0.40219.1
Project("{8BC9CEB8-8B4A-11D0-8D11-00A0C91BC942}") = "sqlselect", "sqlselect\sqlselect.vcxproj", "{2F6C1053-3700-43ED-8CD8-8C2C3E1BB95B}"
EndProject
Project("{8BC9CEB8-8B4A-11D0-8D11-00A0C91BC942}") = "libtoken", "libtoken\libtoken.vcxproj", "{4B0CD51B-A161-4376-A3AB-7CE36B5A7BED}"
EndProject
Project("{8BC9CEB8-8B4A-11D0-8D11-00A0C91BC942}") = "test_libtoken", "test_libtoken\test_libtoken.vcxproj", "{03E85969-A0FB-450C-A052-3C2E895625AB}"
EndProject
Project("{8BC9CEB8-8B4A-11D0-8D11-00A0C91BC942}") = "libtabular", "libtabular\libtabular.vcxproj", "{B1E1933E-30EA-4BB2-8FA3-181E0EE2EA0E}"
EndProject
Project("{8BC9CEB8-8B4A-11D0-8D11-00A0C91BC942}") = "test_data", "test_data\test_data.vcxitems", "{45D41ACC-2C3C-43D2-BC10-02AA73FFC7C7}"
EndProject
Project("{8BC9CEB8-8B4A-11D0-8D11-00A0C91BC942}") = "test_libtabular", "test_libtabular\test_libtabular.vcxproj", "{C78BFF83-9D2B-46A7-940C-C20C46E083CC}"
EndProject
Global
	GlobalSection(SolutionConfigurationPlatforms) = preSolution
		Debug|ARM = Debug|ARM
		Debug|x64 = Debug|x64
		Debug|x86 = Debug|x86
		Release|ARM = Release|ARM
		Release|x64 = Release|x64
		Release|x86 = Release|x86
	EndGlobalSection
	GlobalSection(ProjectConfigurationPlatforms) = postSolution
		{2F6C1053-3700-43ED-8CD8-8C2C3E1BB95B}.Debug|ARM.ActiveCfg = Debug|Win32
		{2F6C1053-3700-43ED-8CD8-8C2C3E1BB95B}.Debug|x64.ActiveCfg = Debug|x64
		{2F6C1053-3700-43ED-8CD8-8C2C3E1BB95B}.Debug|x64.Build.0 = Debug|x64
		{2F6C1053-3700-43ED-8CD8-8C2C3E1BB95B}.Debug|x86.ActiveCfg = Debug|Win32
		{2F6C1053-3700-43ED-8CD8-8C2C3E1BB95B}.Debug|x86.Build.0 = Debug|Win32
		{2F6C1053-3700-43ED-8CD8-8C2C3E1BB95B}.Release|ARM.ActiveCfg = Release|Win32
		{2F6C1053-3700-43ED-8CD8-8C2C3E1BB95B}.Release|x64.ActiveCfg = Release|x64
		{2F6C1053-3700-43ED-8CD8-8C2C3E1BB95B}.Release|x64.Build.0 = Release|x64
		{2F6C1053-3700-43ED-8CD8-8C2C3E1BB95B}.Release|x86.ActiveCfg = Release|Win32
		{2F6C1053-3700-43ED-8CD8-8C2C3E1BB95B}.Release|x86.Build.0 = Release|Win32
		{4B0CD51B-A161-4376-A3AB-7CE36B5A7BED}.Debug|ARM.ActiveCfg = Debug|Win32
		{4B0CD51B-A161-4376-A3AB-7CE36B5A7BED}.Debug|x64.ActiveCfg = Debug|x64
		{4B0CD51B-A161-4376-A3AB-7CE36B5A7BED}.Debug|x64.Build.0 = Debug|x64
		{4B0CD51B-A161-4376-A3AB-7CE36B5A7BED}.Debug|x86.ActiveCfg = Debug|Win32
		{4B0CD51B-A161-4376-A3AB-7CE36B5A7BED}.Debug|x86.Build.0 = Debug|Win32
		{4B0CD51B-A161-4376-A3AB-7CE36B5A7BED}.Release|ARM.ActiveCfg = Release|Win32
		{4B0CD51B-A161-4376-A3AB-7CE36B5A7BED}.Release|x64.ActiveCfg = Release|x64
		{4B0CD51B-A161-4376-A3AB-7CE36B5A7BED}.Release|x64.Build.0 = Release|x64
		{4B0CD51B-A161-4376-A3AB-7CE36B5A7BED}.Release|x86.ActiveCfg = Release|Win32
		{4B0CD51B-A161-4376-A3AB-7CE36B5A7BED}.Release|x86.Build.0 = Release|Win32
		{03E85969-A0FB-450C-A052-3C2E895625AB}.Debug|ARM.ActiveCfg = Debug|Win32
		{03E85969-A0FB-450C-A052-3C2E895625AB}.Debug|x64.ActiveCfg = Debug|x64
		{03E85969-A0FB-450C-A052-3C2E895625AB}.Debug|x64.Build.0 = Debug|x64
		{03E85969-A0FB-450C-A052-3C2E895625AB}.Debug|x86.ActiveCfg = Debug|Win32
		{03E85969-A0FB-450C-A052-3C2E895625AB}.Debug|x86.Build.0 = Debug|Win32
		{03E85969-A0FB-450C-A052-3C2E895625AB}.Release|ARM.ActiveCfg = Release|Win32
		{03E85969-A0FB-450C-A052-3C2E895625AB}.Release|x64.ActiveCfg = Release|x64
		{03E85969-A0FB-450C-A052-3C2E895625AB}.Release|x64.Build.0 = Release|x64
		{03E85969-A0FB-450C-A052-3C2E895625AB}.Release|x86.ActiveCfg = Release|Win32
		{03E85969-A0FB-450C-A052-3C2E895625AB}.Release|x86.Build.0 = Release|Win32
		{B1E1933E-30EA-4BB2-8FA3-181E0EE2EA0E}.Debug|ARM.ActiveCfg = Debug|Win32
		{B1E1933E-30EA-4BB2-8FA3-181E0EE2EA0E}.Debug|x64.ActiveCfg = Debug|x64
		{B1E1933E-30EA-4BB2-8FA3-181E0EE2EA0E}.Debug|x64.Build.0 = Debug|x64
		{B1E1933E-30EA-4BB2-8FA3-181E0EE2EA0E}.Debug|x86.ActiveCfg = Debug|Win32
		{B1E1933E-30EA-4BB2-8FA3-181E0EE2EA0E}.Debug|x86.Build.0 = Debug|Win32
		{B1E1933E-30EA-4BB2-8FA3-181E0EE2EA0E}.Release|ARM.ActiveCfg = Release|Win32
		{B1E1933E-30EA-4BB2-8FA3-181E0EE2EA0E}.Release|x64.ActiveCfg = Release|x64
		{B1E1933E-30EA-4BB2-8FA3-181E0EE2EA0E}.Release|x64.Build.0 = Release|x64
		{B1E1933E-30EA-4BB2-8FA3-181E0EE2EA0E}.Release|x86.ActiveCfg = Release|Win32
		{B1E1933E-30EA-4BB2-8FA3-181E0EE2EA0E}.Release|x86.Build.0 = Release|Win32
		{C78BFF83-9D2B-46A7-940C-C20C46E083CC}.Debug|ARM.ActiveCfg = Debug|Win32
		{C78BFF83-9D2B-46A7-940C-C20C46E083CC}.Debug|x64.ActiveCfg = Debug|x64
		{C78BFF83-9D2B-46A7-940C-C20C46E083CC}.Debug|x64.Build.0 = Debug|x64
		{C78BFF83-9D2B-46A7-940C-C20C46E083CC}.Debug|x86.ActiveCfg = Debug|Win32
		{C78BFF83-9D2B-46A7-940C-C20C46E083CC}.Debug|x86.Build.0 = Debug|Win32
		{C78BFF83-9D2B-46A7-940C-C20C46E083CC}.Release|ARM.ActiveCfg = Release|Win32
		{C78BFF83-9D2B-46A7-940C-C20C46E083CC}.Release|x64.ActiveCfg = Release|x64
		{C78BFF83-9D2B-46A7-940C-C20C46E083CC}.Release|x64.Build.0 = Release|x64
		{C78BFF83-9D2B-46A7-940C-C20C46E083CC}.Release|x86.ActiveCfg = Release|Win32
		{C78BFF83-9D2B-46A7-940C-C20C46E083CC}.Release|x86.Build.0 = Release|Win32
	EndGlobalSection
	GlobalSection(SolutionProperties) = preSolution
		HideSolutionNode = FALSE
	EndGlobalSection
EndGlobal
